
Microsoft Visual Studio Solution File, Format Version 12.00
# Visual Studio Version 16
VisualStudioVersion = 16.0.29326.143
MinimumVisualStudioVersion = 10.0.40219.1
Project("{FAE04EC0-301F-11D3-BF4B-00C04F79EFBC}") = "Financial", "Financial\Financial.csproj", "{EABF65E8-B01D-40FC-98E7-931F5414A5DE}"
EndProject
Global
	GlobalSection(SolutionConfigurationPlatforms) = preSolution
		Debug|Any CPU = Debug|Any CPU
		Release|Any CPU = Release|Any CPU
	EndGlobalSection
	GlobalSection(ProjectConfigurationPlatforms) = postSolution
		{EABF65E8-B01D-40FC-98E7-931F5414A5DE}.Debug|Any CPU.ActiveCfg = Debug|Any CPU
		{EABF65E8-B01D-40FC-98E7-931F5414A5DE}.Debug|Any CPU.Build.0 = Debug|Any CPU
		{EABF65E8-B01D-40FC-98E7-931F5414A5DE}.Release|Any CPU.ActiveCfg = Release|Any CPU
		{EABF65E8-B01D-40FC-98E7-931F5414A5DE}.Release|Any CPU.Build.0 = Release|Any CPU
	EndGlobalSection
	GlobalSection(SolutionProperties) = preSolution
		HideSolutionNode = FALSE
	EndGlobalSection
	GlobalSection(ExtensibilityGlobals) = postSolution
		SolutionGuid = {90903524-CC99-4C9B-96D0-3949209C658B}
	EndGlobalSection
EndGlobal
